# THIS IS AN AUTOGENERATED FILE. DO NOT EDIT THIS FILE DIRECTLY.
# yarn lockfile v1


"@next/env@12.2.5":
  version "12.2.5"
  resolved "https://registry.npmjs.org/@next/env/-/env-12.2.5.tgz"
  integrity sha512-vLPLV3cpPGjUPT3PjgRj7e3nio9t6USkuew3JE/jMeon/9Mvp1WyR18v3iwnCuX7eUAm1HmAbJHHLAbcu/EJcw==

"@next/swc-linux-x64-gnu@12.2.5":
  version "12.2.5"
  resolved "https://registry.npmjs.org/@next/swc-linux-x64-gnu/-/swc-linux-x64-gnu-12.2.5.tgz"
  integrity sha512-0szyAo8jMCClkjNK0hknjhmAngUppoRekW6OAezbEYwHXN/VNtsXbfzgYOqjKWxEx3OoAzrT3jLwAF0HdX2MEw==

"@next/swc-linux-x64-musl@12.2.5":
  version "12.2.5"
  resolved "https://registry.npmjs.org/@next/swc-linux-x64-musl/-/swc-linux-x64-musl-12.2.5.tgz"
  integrity sha512-zg/Y6oBar1yVnW6Il1I/08/2ukWtOG6s3acdJdEyIdsCzyQi4RLxbbhkD/EGQyhqBvd3QrC6ZXQEXighQUAZ0g==

"@swc/helpers@0.4.3":
  version "0.4.3"
  resolved "https://registry.npmjs.org/@swc/helpers/-/helpers-0.4.3.tgz"
  integrity sha512-6JrF+fdUK2zbGpJIlN7G3v966PQjyx/dPt1T9km2wj+EUBqgrxCk3uX4Kct16MIm9gGxfKRcfax2hVf5jvlTzA==
  dependencies:
    tslib "^2.4.0"

caniuse-lite@^1.0.30001332:
  version "1.0.30001489"
  resolved "https://registry.npmjs.org/caniuse-lite/-/caniuse-lite-1.0.30001489.tgz"
  integrity sha512-x1mgZEXK8jHIfAxm+xgdpHpk50IN3z3q3zP261/WS+uvePxW8izXuCu6AHz0lkuYTlATDehiZ/tNyYBdSQsOUQ==

"js-tokens@^3.0.0 || ^4.0.0":
  version "4.0.0"
  resolved "https://registry.npmjs.org/js-tokens/-/js-tokens-4.0.0.tgz"
  integrity sha512-RdJUflcE3cUzKiMqQgsCu06FPu9UdIJO0beYbPhHN4k6apgJtifcoCtT9bcxOpYBtpD2kCM6Sbzg4CausW/PKQ==

loose-envify@^1.1.0:
  version "1.4.0"
  resolved "https://registry.npmjs.org/loose-envify/-/loose-envify-1.4.0.tgz"
  integrity sha512-lyuxPGr/Wfhrlem2CL/UcnUc1zcqKAImBDzukY7Y5F/yQiNdko6+fRLevlw1HgMySw7f611UIY408EtxRSoK3Q==
  dependencies:
    js-tokens "^3.0.0 || ^4.0.0"

nanoid@^3.3.4:
  version "3.3.6"
  resolved "https://registry.npmjs.org/nanoid/-/nanoid-3.3.6.tgz"
  integrity sha512-BGcqMMJuToF7i1rt+2PWSNVnWIkGCU78jBG3RxO/bZlnZPK2Cmi2QaffxGO/2RvWi9sL+FAiRiXMgsyxQ1DIDA==

next@12.2.5:
  version "12.2.5"
  resolved "https://registry.npmjs.org/next/-/next-12.2.5.tgz"
  integrity sha512-tBdjqX5XC/oFs/6gxrZhjmiq90YWizUYU6qOWAfat7zJwrwapJ+BYgX2PmiacunXMaRpeVT4vz5MSPSLgNkrpA==
  dependencies:
    "@next/env" "12.2.5"
    "@swc/helpers" "0.4.3"
    caniuse-lite "^1.0.30001332"
    postcss "8.4.14"
    styled-jsx "5.0.4"
    use-sync-external-store "1.2.0"
  optionalDependencies:
    "@next/swc-android-arm-eabi" "12.2.5"
    "@next/swc-android-arm64" "12.2.5"
    "@next/swc-darwin-arm64" "12.2.5"
    "@next/swc-darwin-x64" "12.2.5"
    "@next/swc-freebsd-x64" "12.2.5"
    "@next/swc-linux-arm-gnueabihf" "12.2.5"
    "@next/swc-linux-arm64-gnu" "12.2.5"
    "@next/swc-linux-arm64-musl" "12.2.5"
    "@next/swc-linux-x64-gnu" "12.2.5"
    "@next/swc-linux-x64-musl" "12.2.5"
    "@next/swc-win32-arm64-msvc" "12.2.5"
    "@next/swc-win32-ia32-msvc" "12.2.5"
    "@next/swc-win32-x64-msvc" "12.2.5"

picocolors@^1.0.0:
  version "1.0.0"
  resolved "https://registry.npmjs.org/picocolors/-/picocolors-1.0.0.tgz"
  integrity sha512-1fygroTLlHu66zi26VoTDv8yRgm0Fccecssto+MhsZ0D/DGW2sm8E8AjW7NU5VVTRt5GxbeZ5qBuJr+HyLYkjQ==

postcss@8.4.14:
  version "8.4.14"
  resolved "https://registry.npmjs.org/postcss/-/postcss-8.4.14.tgz"
  integrity sha512-E398TUmfAYFPBSdzgeieK2Y1+1cpdxJx8yXbK/m57nRhKSmk1GB2tO4lbLBtlkfPQTDKfe4Xqv1ASWPpayPEig==
  dependencies:
    nanoid "^3.3.4"
    picocolors "^1.0.0"
    source-map-js "^1.0.2"

"react-dom@^17.0.2 || ^18.0.0-0", react-dom@18.2.0:
  version "18.2.0"
  resolved "https://registry.npmjs.org/react-dom/-/react-dom-18.2.0.tgz"
  integrity sha512-6IMTriUmvsjHUjNtEDudZfuDQUoWXVxKHhlEGSk81n4YFS+r/Kl99wXiwlVXtPBtJenozv2P+hxDsw9eA7Xo6g==
  dependencies:
    loose-envify "^1.1.0"
    scheduler "^0.23.0"

react-icons@^4.4.0:
  version "4.8.0"
  resolved "https://registry.npmjs.org/react-icons/-/react-icons-4.8.0.tgz"
  integrity sha512-N6+kOLcihDiAnj5Czu637waJqSnwlMNROzVZMhfX68V/9bu9qHaMIJC4UdozWoOk57gahFCNHwVvWzm0MTzRjg==

react@*, "react@^16.8.0 || ^17.0.0 || ^18.0.0", "react@^17.0.2 || ^18.0.0-0", react@^18.2.0, "react@>= 16.8.0 || 17.x.x || ^18.0.0-0", react@18.2.0:
  version "18.2.0"
  resolved "https://registry.npmjs.org/react/-/react-18.2.0.tgz"
  integrity sha512-/3IjMdb2L9QbBdWiW5e3P2/npwMBaU9mHCSCUzNln0ZCYbcfTsGbTJrU/kGemdH2IWmB2ioZ+zkxtmq6g09fGQ==
  dependencies:
    loose-envify "^1.1.0"

scheduler@^0.23.0:
  version "0.23.0"
  resolved "https://registry.npmjs.org/scheduler/-/scheduler-0.23.0.tgz"
  integrity sha512-CtuThmgHNg7zIZWAXi3AsyIzA3n4xx7aNyjwC2VJldO2LMVDhFK+63xGqq6CsJH4rTAt6/M+N4GhZiDYPx9eUw==
  dependencies:
    loose-envify "^1.1.0"

source-map-js@^1.0.2:
  version "1.0.2"
  resolved "https://registry.npmjs.org/source-map-js/-/source-map-js-1.0.2.tgz"
  integrity sha512-R0XvVJ9WusLiqTCEiGCmICCMplcCkIwwR11mOSD9CR5u+IXYdiseeEuXCVAjS54zqwkLcPNnmU4OeJ6tUrWhDw==

styled-jsx@5.0.4:
  version "5.0.4"
  resolved "https://registry.npmjs.org/styled-jsx/-/styled-jsx-5.0.4.tgz"
  integrity sha512-sDFWLbg4zR+UkNzfk5lPilyIgtpddfxXEULxhujorr5jtePTUqiPDc5BC0v1NRqTr/WaFBGQQUoYToGlF4B2KQ==

tslib@^2.4.0:
  version "2.5.2"
  resolved "https://registry.npmjs.org/tslib/-/tslib-2.5.2.tgz"
  integrity sha512-5svOrSA2w3iGFDs1HibEVBGbDrAY82bFQ3HZ3ixB+88nsbsWQoKqDRb5UBYAUPEzbBn6dAp5gRNXglySbx1MlA==

use-sync-external-store@1.2.0:
  version "1.2.0"
  resolved "https://registry.npmjs.org/use-sync-external-store/-/use-sync-external-store-1.2.0.tgz"
  integrity sha512-eEgnFxGQ1Ife9bzYs6VLi8/4X6CObHMw9Qr9tPY43iKwsPw8xE8+EFsf/2cFZ5S3esXgpWgtSCtLNS41F+sKPA==
